
Microsoft Visual Studio Solution File, Format Version 12.00
# Visual Studio Version 17
VisualStudioVersion = 17.14.36401.2 d17.14
MinimumVisualStudioVersion = 10.0.40219.1
Project("{FAE04EC0-301F-11D3-BF4B-00C04F79EFBC}") = "HouseExercise", "HouseExercise.csproj", "{686BA031-996A-45CE-8675-E0979DED3B0A}"
EndProject
Global
	GlobalSection(SolutionConfigurationPlatforms) = preSolution
		Debug|Any CPU = Debug|Any CPU
		Release|Any CPU = Release|Any CPU
	EndGlobalSection
	GlobalSection(ProjectConfigurationPlatforms) = postSolution
		{686BA031-996A-45CE-8675-E0979DED3B0A}.Debug|Any CPU.ActiveCfg = Debug|Any CPU
		{686BA031-996A-45CE-8675-E0979DED3B0A}.Debug|Any CPU.Build.0 = Debug|Any CPU
		{686BA031-996A-45CE-8675-E0979DED3B0A}.Release|Any CPU.ActiveCfg = Release|Any CPU
		{686BA031-996A-45CE-8675-E0979DED3B0A}.Release|Any CPU.Build.0 = Release|Any CPU
	EndGlobalSection
	GlobalSection(SolutionProperties) = preSolution
		HideSolutionNode = FALSE
	EndGlobalSection
	GlobalSection(ExtensibilityGlobals) = postSolution
		SolutionGuid = {9F2BC30B-2158-40D7-AC33-D7B0A20A6AF1}
	EndGlobalSection
EndGlobal
